
Microsoft Visual Studio Solution File, Format Version 12.00
# Visual Studio Version 17
VisualStudioVersion = 17.7.34031.279
MinimumVisualStudioVersion = 10.0.40219.1
Project("{FAE04EC0-301F-11D3-BF4B-00C04F79EFBC}") = "ClinicalPharmaSystem", "ClinicalPharmaSystem.csproj", "{54112DBA-AE53-4CEE-97A7-6DC4E6F88D53}"
EndProject
Global
	GlobalSection(SolutionConfigurationPlatforms) = preSolution
		Debug|Any CPU = Debug|Any CPU
		Release|Any CPU = Release|Any CPU
	EndGlobalSection
	GlobalSection(ProjectConfigurationPlatforms) = postSolution
		{54112DBA-AE53-4CEE-97A7-6DC4E6F88D53}.Debug|Any CPU.ActiveCfg = Debug|Any CPU
		{54112DBA-AE53-4CEE-97A7-6DC4E6F88D53}.Debug|Any CPU.Build.0 = Debug|Any CPU
		{54112DBA-AE53-4CEE-97A7-6DC4E6F88D53}.Release|Any CPU.ActiveCfg = Release|Any CPU
		{54112DBA-AE53-4CEE-97A7-6DC4E6F88D53}.Release|Any CPU.Build.0 = Release|Any CPU
	EndGlobalSection
	GlobalSection(SolutionProperties) = preSolution
		HideSolutionNode = FALSE
	EndGlobalSection
	GlobalSection(ExtensibilityGlobals) = postSolution
		SolutionGuid = {09E07F8D-4854-425E-A27F-D6304567F7D3}
	EndGlobalSection
EndGlobal
